
Microsoft Visual Studio Solution File, Format Version 12.00
# Visual Studio Version 17
VisualStudioVersion = 17.6.33829.357
MinimumVisualStudioVersion = 10.0.40219.1
Project("{9A19103F-16F7-4668-BE54-9A1E7A4F7556}") = "Domain", "src\Domain\Domain.csproj", "{626A6F86-921B-46E2-93E8-A18EEF824E04}"
EndProject
Project("{9A19103F-16F7-4668-BE54-9A1E7A4F7556}") = "Application", "src\Application\Application.csproj", "{11CCEC88-16D3-438E-9754-D50814B6ACAE}"
EndProject
Project("{9A19103F-16F7-4668-BE54-9A1E7A4F7556}") = "Infrastructure", "src\Infrastructure\Infrastructure.csproj", "{82E14037-06CF-445C-8945-63FADC7FE901}"
EndProject
Project("{2150E333-8FDC-42A3-9474-1A3956D46DE8}") = "Solution Items", "Solution Items", "{9334F648-9825-4304-8168-53B408A8EDF1}"
	ProjectSection(SolutionItems) = preProject
		.gitattributes = .gitattributes
		.gitignore = .gitignore
		api.financeorganization.PublishSettings.xml = api.financeorganization.PublishSettings.xml
	EndProjectSection
EndProject
Project("{9A19103F-16F7-4668-BE54-9A1E7A4F7556}") = "WebAPI", "src\WebAPI\WebAPI.csproj", "{3CEAF74D-1C5E-4E00-9694-E2BD97E51A43}"
EndProject
Project("{2150E333-8FDC-42A3-9474-1A3956D46DE8}") = "Tests", "Tests", "{8D321399-5429-495D-ABC8-84C8608DA7CA}"
EndProject
Project("{9A19103F-16F7-4668-BE54-9A1E7A4F7556}") = "FinanceOrganization.UnitTests", "tests\Application.UnitTests\FinanceOrganization.UnitTests.csproj", "{5240ED54-18CA-4228-9D0C-39BCE9B9FE72}"
EndProject
Global
	GlobalSection(SolutionConfigurationPlatforms) = preSolution
		Debug|Any CPU = Debug|Any CPU
		Debug|x64 = Debug|x64
		Release|Any CPU = Release|Any CPU
		Release|x64 = Release|x64
	EndGlobalSection
	GlobalSection(ProjectConfigurationPlatforms) = postSolution
		{626A6F86-921B-46E2-93E8-A18EEF824E04}.Debug|Any CPU.ActiveCfg = Debug|Any CPU
		{626A6F86-921B-46E2-93E8-A18EEF824E04}.Debug|Any CPU.Build.0 = Debug|Any CPU
		{626A6F86-921B-46E2-93E8-A18EEF824E04}.Debug|x64.ActiveCfg = Debug|x64
		{626A6F86-921B-46E2-93E8-A18EEF824E04}.Debug|x64.Build.0 = Debug|x64
		{626A6F86-921B-46E2-93E8-A18EEF824E04}.Release|Any CPU.ActiveCfg = Release|Any CPU
		{626A6F86-921B-46E2-93E8-A18EEF824E04}.Release|Any CPU.Build.0 = Release|Any CPU
		{626A6F86-921B-46E2-93E8-A18EEF824E04}.Release|x64.ActiveCfg = Release|x64
		{626A6F86-921B-46E2-93E8-A18EEF824E04}.Release|x64.Build.0 = Release|x64
		{11CCEC88-16D3-438E-9754-D50814B6ACAE}.Debug|Any CPU.ActiveCfg = Debug|Any CPU
		{11CCEC88-16D3-438E-9754-D50814B6ACAE}.Debug|Any CPU.Build.0 = Debug|Any CPU
		{11CCEC88-16D3-438E-9754-D50814B6ACAE}.Debug|x64.ActiveCfg = Debug|Any CPU
		{11CCEC88-16D3-438E-9754-D50814B6ACAE}.Debug|x64.Build.0 = Debug|Any CPU
		{11CCEC88-16D3-438E-9754-D50814B6ACAE}.Release|Any CPU.ActiveCfg = Release|Any CPU
		{11CCEC88-16D3-438E-9754-D50814B6ACAE}.Release|Any CPU.Build.0 = Release|Any CPU
		{11CCEC88-16D3-438E-9754-D50814B6ACAE}.Release|x64.ActiveCfg = Release|Any CPU
		{11CCEC88-16D3-438E-9754-D50814B6ACAE}.Release|x64.Build.0 = Release|Any CPU
		{82E14037-06CF-445C-8945-63FADC7FE901}.Debug|Any CPU.ActiveCfg = Debug|Any CPU
		{82E14037-06CF-445C-8945-63FADC7FE901}.Debug|Any CPU.Build.0 = Debug|Any CPU
		{82E14037-06CF-445C-8945-63FADC7FE901}.Debug|x64.ActiveCfg = Debug|x64
		{82E14037-06CF-445C-8945-63FADC7FE901}.Debug|x64.Build.0 = Debug|x64
		{82E14037-06CF-445C-8945-63FADC7FE901}.Release|Any CPU.ActiveCfg = Release|Any CPU
		{82E14037-06CF-445C-8945-63FADC7FE901}.Release|Any CPU.Build.0 = Release|Any CPU
		{82E14037-06CF-445C-8945-63FADC7FE901}.Release|x64.ActiveCfg = Release|x64
		{82E14037-06CF-445C-8945-63FADC7FE901}.Release|x64.Build.0 = Release|x64
		{3CEAF74D-1C5E-4E00-9694-E2BD97E51A43}.Debug|Any CPU.ActiveCfg = Debug|Any CPU
		{3CEAF74D-1C5E-4E00-9694-E2BD97E51A43}.Debug|Any CPU.Build.0 = Debug|Any CPU
		{3CEAF74D-1C5E-4E00-9694-E2BD97E51A43}.Debug|x64.ActiveCfg = Debug|x64
		{3CEAF74D-1C5E-4E00-9694-E2BD97E51A43}.Debug|x64.Build.0 = Debug|x64
		{3CEAF74D-1C5E-4E00-9694-E2BD97E51A43}.Release|Any CPU.ActiveCfg = Release|Any CPU
		{3CEAF74D-1C5E-4E00-9694-E2BD97E51A43}.Release|Any CPU.Build.0 = Release|Any CPU
		{3CEAF74D-1C5E-4E00-9694-E2BD97E51A43}.Release|x64.ActiveCfg = Release|x64
		{3CEAF74D-1C5E-4E00-9694-E2BD97E51A43}.Release|x64.Build.0 = Release|x64
		{5240ED54-18CA-4228-9D0C-39BCE9B9FE72}.Debug|Any CPU.ActiveCfg = Debug|Any CPU
		{5240ED54-18CA-4228-9D0C-39BCE9B9FE72}.Debug|Any CPU.Build.0 = Debug|Any CPU
		{5240ED54-18CA-4228-9D0C-39BCE9B9FE72}.Debug|x64.ActiveCfg = Debug|Any CPU
		{5240ED54-18CA-4228-9D0C-39BCE9B9FE72}.Debug|x64.Build.0 = Debug|Any CPU
		{5240ED54-18CA-4228-9D0C-39BCE9B9FE72}.Release|Any CPU.ActiveCfg = Release|Any CPU
		{5240ED54-18CA-4228-9D0C-39BCE9B9FE72}.Release|Any CPU.Build.0 = Release|Any CPU
		{5240ED54-18CA-4228-9D0C-39BCE9B9FE72}.Release|x64.ActiveCfg = Release|Any CPU
		{5240ED54-18CA-4228-9D0C-39BCE9B9FE72}.Release|x64.Build.0 = Release|Any CPU
	EndGlobalSection
	GlobalSection(SolutionProperties) = preSolution
		HideSolutionNode = FALSE
	EndGlobalSection
	GlobalSection(NestedProjects) = preSolution
		{5240ED54-18CA-4228-9D0C-39BCE9B9FE72} = {8D321399-5429-495D-ABC8-84C8608DA7CA}
	EndGlobalSection
	GlobalSection(ExtensibilityGlobals) = postSolution
		SolutionGuid = {747B0C29-EB07-4814-B67C-69332670B966}
	EndGlobalSection
EndGlobal
